<?xml version="1.0" encoding="UTF-8" standalone="yes" ?>
<CodeBlocks_project_file>
	<FileVersion major="1" minor="6" />
	<Project>
		<Option title="proj" />
		<Option pch_mode="2" />
		<Option compiler="gcc" />
		<Build>
			<Target title="Debug">
				<Option output="bin/Debug/proj" prefix_auto="1" extension_auto="1" />
				<Option object_output="obj/Debug/" />
				<Option type="1" />
				<Option compiler="gcc" />
				<Compiler>
					<Add option="-g" />
				</Compiler>
			</Target>
			<Target title="Release">
				<Option output="bin/Release/proj" prefix_auto="1" extension_auto="1" />
				<Option object_output="obj/Release/" />
				<Option type="1" />
				<Option compiler="gcc" />
				<Compiler>
					<Add option="-O2" />
				</Compiler>
				<Linker>
					<Add option="-s" />
				</Linker>
			</Target>
		</Build>
		<Compiler>
			<Add option="-Wall" />
		</Compiler>
		<Unit filename="CONPRIM.h" />
		<Unit filename="ELTCON.c">
			<Option compilerVar="CC" />
		</Unit>
		<Unit filename="ELTCON.h" />
		<Unit filename="ELTCONSDD.h" />
		<Unit filename="ELTMSG.c">
			<Option compilerVar="CC" />
		</Unit>
		<Unit filename="ELTMSG.h" />
		<Unit filename="ELTMSGPRIM.h" />
		<Unit filename="ELTSMS.c">
			<Option compilerVar="CC" />
		</Unit>
		<Unit filename="ELTSMS.h" />
		<Unit filename="LSTCON.c">
			<Option compilerVar="CC" />
		</Unit>
		<Unit filename="LSTCON.h" />
		<Unit filename="LSTCONSDD.h" />
		<Unit filename="LSTMSG.c">
			<Option compilerVar="CC" />
		</Unit>
		<Unit filename="LSTMSG.h" />
		<Unit filename="LSTMSGPRIM.h" />
		<Unit filename="LSTMSGSDD.h" />
		<Unit filename="LSTPRIMCON.h" />
		<Unit filename="LSTSMS.c">
			<Option compilerVar="CC" />
		</Unit>
		<Unit filename="LSTSMS.h" />
		<Unit filename="LSTSMSPRIM.h" />
		<Unit filename="LSTSMSSDD.h" />
		<Unit filename="MSGSDD.h" />
		<Unit filename="PILEPRIM.h" />
		<Unit filename="PILEPTR.c">
			<Option compilerVar="CC" />
		</Unit>
		<Unit filename="PILEPTR.h" />
		<Unit filename="PILESDD.h" />
		<Unit filename="SMSPRIM.h" />
		<Unit filename="SMSSDD.h" />
		<Unit filename="main.c">
			<Option compilerVar="CC" />
		</Unit>
		<Extensions>
			<lib_finder disable_auto="1" />
			<code_completion />
			<envvars />
			<debugger />
		</Extensions>
	</Project>
</CodeBlocks_project_file>
